
Microsoft Visual Studio Solution File, Format Version 12.00
Project("{FAE04EC0-301F-11D3-BF4B-00C04F79EFBC}") = "lab7", "lab7\lab7.csproj", "{40B617B6-24DE-4290-921F-F823D7A2C90F}"
EndProject
Global
	GlobalSection(SolutionConfigurationPlatforms) = preSolution
		Debug|Any CPU = Debug|Any CPU
		Release|Any CPU = Release|Any CPU
	EndGlobalSection
	GlobalSection(ProjectConfigurationPlatforms) = postSolution
		{40B617B6-24DE-4290-921F-F823D7A2C90F}.Debug|Any CPU.ActiveCfg = Debug|Any CPU
		{40B617B6-24DE-4290-921F-F823D7A2C90F}.Debug|Any CPU.Build.0 = Debug|Any CPU
		{40B617B6-24DE-4290-921F-F823D7A2C90F}.Release|Any CPU.ActiveCfg = Release|Any CPU
		{40B617B6-24DE-4290-921F-F823D7A2C90F}.Release|Any CPU.Build.0 = Release|Any CPU
	EndGlobalSection
EndGlobal
